
Microsoft Visual Studio Solution File, Format Version 11.00
# Visual Studio 2010
Project("{FAE04EC0-301F-11D3-BF4B-00C04F79EFBC}") = "AcqModeling", "AcqModeling\AcqModeling.csproj", "{E2217EBE-61E8-45C2-BB64-9B8E8370A7F1}"
EndProject
Global
	GlobalSection(SolutionConfigurationPlatforms) = preSolution
		Debug|Any CPU = Debug|Any CPU
		Debug|Mixed Platforms = Debug|Mixed Platforms
		Debug|x86 = Debug|x86
		Debug2.0|Any CPU = Debug2.0|Any CPU
		Debug2.0|Mixed Platforms = Debug2.0|Mixed Platforms
		Debug2.0|x86 = Debug2.0|x86
		Debug4.0|Any CPU = Debug4.0|Any CPU
		Debug4.0|Mixed Platforms = Debug4.0|Mixed Platforms
		Debug4.0|x86 = Debug4.0|x86
		Release|Any CPU = Release|Any CPU
		Release|Mixed Platforms = Release|Mixed Platforms
		Release|x86 = Release|x86
		Release2.0|Any CPU = Release2.0|Any CPU
		Release2.0|Mixed Platforms = Release2.0|Mixed Platforms
		Release2.0|x86 = Release2.0|x86
		Release4.0|Any CPU = Release4.0|Any CPU
		Release4.0|Mixed Platforms = Release4.0|Mixed Platforms
		Release4.0|x86 = Release4.0|x86
	EndGlobalSection
	GlobalSection(ProjectConfigurationPlatforms) = postSolution
		{E2217EBE-61E8-45C2-BB64-9B8E8370A7F1}.Debug|Any CPU.ActiveCfg = Debug|x86
		{E2217EBE-61E8-45C2-BB64-9B8E8370A7F1}.Debug|Mixed Platforms.ActiveCfg = Debug|x86
		{E2217EBE-61E8-45C2-BB64-9B8E8370A7F1}.Debug|Mixed Platforms.Build.0 = Debug|x86
		{E2217EBE-61E8-45C2-BB64-9B8E8370A7F1}.Debug|x86.ActiveCfg = Debug|x86
		{E2217EBE-61E8-45C2-BB64-9B8E8370A7F1}.Debug|x86.Build.0 = Debug|x86
		{E2217EBE-61E8-45C2-BB64-9B8E8370A7F1}.Debug2.0|Any CPU.ActiveCfg = Debug|x86
		{E2217EBE-61E8-45C2-BB64-9B8E8370A7F1}.Debug2.0|Mixed Platforms.ActiveCfg = Debug|x86
		{E2217EBE-61E8-45C2-BB64-9B8E8370A7F1}.Debug2.0|Mixed Platforms.Build.0 = Debug|x86
		{E2217EBE-61E8-45C2-BB64-9B8E8370A7F1}.Debug2.0|x86.ActiveCfg = Debug|x86
		{E2217EBE-61E8-45C2-BB64-9B8E8370A7F1}.Debug2.0|x86.Build.0 = Debug|x86
		{E2217EBE-61E8-45C2-BB64-9B8E8370A7F1}.Debug4.0|Any CPU.ActiveCfg = Debug|x86
		{E2217EBE-61E8-45C2-BB64-9B8E8370A7F1}.Debug4.0|Mixed Platforms.ActiveCfg = Debug|x86
		{E2217EBE-61E8-45C2-BB64-9B8E8370A7F1}.Debug4.0|Mixed Platforms.Build.0 = Debug|x86
		{E2217EBE-61E8-45C2-BB64-9B8E8370A7F1}.Debug4.0|x86.ActiveCfg = Debug|x86
		{E2217EBE-61E8-45C2-BB64-9B8E8370A7F1}.Debug4.0|x86.Build.0 = Debug|x86
		{E2217EBE-61E8-45C2-BB64-9B8E8370A7F1}.Release|Any CPU.ActiveCfg = Release|x86
		{E2217EBE-61E8-45C2-BB64-9B8E8370A7F1}.Release|Mixed Platforms.ActiveCfg = Release|x86
		{E2217EBE-61E8-45C2-BB64-9B8E8370A7F1}.Release|Mixed Platforms.Build.0 = Release|x86
		{E2217EBE-61E8-45C2-BB64-9B8E8370A7F1}.Release|x86.ActiveCfg = Release|x86
		{E2217EBE-61E8-45C2-BB64-9B8E8370A7F1}.Release|x86.Build.0 = Release|x86
		{E2217EBE-61E8-45C2-BB64-9B8E8370A7F1}.Release2.0|Any CPU.ActiveCfg = Release|x86
		{E2217EBE-61E8-45C2-BB64-9B8E8370A7F1}.Release2.0|Mixed Platforms.ActiveCfg = Release|x86
		{E2217EBE-61E8-45C2-BB64-9B8E8370A7F1}.Release2.0|Mixed Platforms.Build.0 = Release|x86
		{E2217EBE-61E8-45C2-BB64-9B8E8370A7F1}.Release2.0|x86.ActiveCfg = Release|x86
		{E2217EBE-61E8-45C2-BB64-9B8E8370A7F1}.Release2.0|x86.Build.0 = Release|x86
		{E2217EBE-61E8-45C2-BB64-9B8E8370A7F1}.Release4.0|Any CPU.ActiveCfg = Release|x86
		{E2217EBE-61E8-45C2-BB64-9B8E8370A7F1}.Release4.0|Mixed Platforms.ActiveCfg = Release|x86
		{E2217EBE-61E8-45C2-BB64-9B8E8370A7F1}.Release4.0|Mixed Platforms.Build.0 = Release|x86
		{E2217EBE-61E8-45C2-BB64-9B8E8370A7F1}.Release4.0|x86.ActiveCfg = Release|x86
		{E2217EBE-61E8-45C2-BB64-9B8E8370A7F1}.Release4.0|x86.Build.0 = Release|x86
	EndGlobalSection
	GlobalSection(SolutionProperties) = preSolution
		HideSolutionNode = FALSE
	EndGlobalSection
EndGlobal
